
Microsoft Visual Studio Solution File, Format Version 12.00
# Visual Studio Version 16
VisualStudioVersion = 25.0.1706.0
MinimumVisualStudioVersion = 10.0.40219.1
Project("{FAE04EC0-301F-11D3-BF4B-00C04F79EFBC}") = "SignalR.Chat.API", "SignalR.Chat.API\SignalR.Chat.API.csproj", "{896C67A2-58C2-4B35-B8C2-1102F7D2C6DA}"
EndProject
Global
	GlobalSection(SolutionConfigurationPlatforms) = preSolution
		Debug|Any CPU = Debug|Any CPU
		Release|Any CPU = Release|Any CPU
	EndGlobalSection
	GlobalSection(ProjectConfigurationPlatforms) = postSolution
		{896C67A2-58C2-4B35-B8C2-1102F7D2C6DA}.Debug|Any CPU.ActiveCfg = Debug|Any CPU
		{896C67A2-58C2-4B35-B8C2-1102F7D2C6DA}.Debug|Any CPU.Build.0 = Debug|Any CPU
		{896C67A2-58C2-4B35-B8C2-1102F7D2C6DA}.Release|Any CPU.ActiveCfg = Release|Any CPU
		{896C67A2-58C2-4B35-B8C2-1102F7D2C6DA}.Release|Any CPU.Build.0 = Release|Any CPU
	EndGlobalSection
	GlobalSection(SolutionProperties) = preSolution
		HideSolutionNode = FALSE
	EndGlobalSection
	GlobalSection(ExtensibilityGlobals) = postSolution
		SolutionGuid = {6F3EA099-BD92-4ABC-B858-7F1BC24D4B0C}
	EndGlobalSection
EndGlobal
